
Microsoft Visual Studio Solution File, Format Version 12.00
# Visual Studio Version 17
VisualStudioVersion = 17.9.34714.143
MinimumVisualStudioVersion = 10.0.40219.1
Project("{FAE04EC0-301F-11D3-BF4B-00C04F79EFBC}") = "WebApplication1", "WebApplication1\WebApplication1.csproj", "{BB66CB0C-0B08-4B11-BC83-B7C0870EE07D}"
EndProject
Project("{2150E333-8FDC-42A3-9474-1A3956D46DE8}") = "Itens de Solução", "Itens de Solução", "{79768692-0721-4831-8978-5B401CA67518}"
EndProject
Global
	GlobalSection(SolutionConfigurationPlatforms) = preSolution
		Debug|Any CPU = Debug|Any CPU
		Release|Any CPU = Release|Any CPU
	EndGlobalSection
	GlobalSection(ProjectConfigurationPlatforms) = postSolution
		{BB66CB0C-0B08-4B11-BC83-B7C0870EE07D}.Debug|Any CPU.ActiveCfg = Debug|Any CPU
		{BB66CB0C-0B08-4B11-BC83-B7C0870EE07D}.Debug|Any CPU.Build.0 = Debug|Any CPU
		{BB66CB0C-0B08-4B11-BC83-B7C0870EE07D}.Release|Any CPU.ActiveCfg = Release|Any CPU
		{BB66CB0C-0B08-4B11-BC83-B7C0870EE07D}.Release|Any CPU.Build.0 = Release|Any CPU
	EndGlobalSection
	GlobalSection(SolutionProperties) = preSolution
		HideSolutionNode = FALSE
	EndGlobalSection
	GlobalSection(ExtensibilityGlobals) = postSolution
		SolutionGuid = {C9E1A9BF-A83D-4DFD-996F-B223A9C8CAFE}
	EndGlobalSection
EndGlobal
